
Microsoft Visual Studio Solution File, Format Version 12.00
# Visual Studio Version 17
VisualStudioVersion = 17.11.35303.130
MinimumVisualStudioVersion = 10.0.40219.1
Project("{9A19103F-16F7-4668-BE54-9A1E7A4F7556}") = "Exercicio1002", "ExerciciosPropostos\Exercicio1002.csproj", "{8897B451-F13A-4F78-BAC8-6C089B013296}"
EndProject
Project("{9A19103F-16F7-4668-BE54-9A1E7A4F7556}") = "exercicio1003", "exercicio1003\exercicio1003.csproj", "{1224977A-7D96-4022-9BE7-558945984D13}"
EndProject
Project("{9A19103F-16F7-4668-BE54-9A1E7A4F7556}") = "Exercicio1004", "Exercicio1004\Exercicio1004.csproj", "{4E264CBD-5091-4CA5-BFBE-5AC0E616491E}"
EndProject
Project("{9A19103F-16F7-4668-BE54-9A1E7A4F7556}") = "Exercicio1005", "Exercicio1005\Exercicio1005.csproj", "{DD8C0C69-2CA5-4CFB-A7C4-91EB80E54D8D}"
EndProject
Project("{9A19103F-16F7-4668-BE54-9A1E7A4F7556}") = "Exercicio1006", "Exercicio1006\Exercicio1006.csproj", "{F10AFA1F-9B85-40E8-BC4D-879D44D0D08F}"
EndProject
Project("{9A19103F-16F7-4668-BE54-9A1E7A4F7556}") = "Exercicio1007", "Exercicio1007\Exercicio1007.csproj", "{32E89342-F84E-43BF-A220-0193336D9D3E}"
EndProject
Project("{9A19103F-16F7-4668-BE54-9A1E7A4F7556}") = "Exercicio1008", "Exercicio1008\Exercicio1008.csproj", "{F851C6D2-D8F4-4751-99E5-F0FA026575D9}"
EndProject
Project("{9A19103F-16F7-4668-BE54-9A1E7A4F7556}") = "Exercicio1009", "Exercicio1009\Exercicio1009.csproj", "{A74FD52B-BDE5-4340-B020-F91A61E88243}"
EndProject
Project("{9A19103F-16F7-4668-BE54-9A1E7A4F7556}") = "Exercicio1010", "Exercicio10\Exercicio1010.csproj", "{8AE35E89-1750-4750-9959-F06718020C96}"
EndProject
Project("{9A19103F-16F7-4668-BE54-9A1E7A4F7556}") = "Exercicio1011", "Exercicio1011\Exercicio1011.csproj", "{2ABFE66E-692A-4B05-A70B-8A98E3C03B1C}"
EndProject
Project("{9A19103F-16F7-4668-BE54-9A1E7A4F7556}") = "Exercicio1012", "Exercicio1012\Exercicio1012.csproj", "{84BEB577-1E2A-4A0E-926A-3714EC400B89}"
EndProject
Project("{9A19103F-16F7-4668-BE54-9A1E7A4F7556}") = "Exercicio1013", "Exercicio1013\Exercicio1013.csproj", "{42C77367-C732-4CF5-9661-B65EE8470DBB}"
EndProject
Project("{9A19103F-16F7-4668-BE54-9A1E7A4F7556}") = "Exercicio1014", "Exercicio1014\Exercicio1014.csproj", "{EA8E5268-BB76-4ECC-8729-4B948E414F1C}"
EndProject
Project("{9A19103F-16F7-4668-BE54-9A1E7A4F7556}") = "Exercicio1015", "Exercicio1015\Exercicio1015.csproj", "{DD5E25B5-5060-4081-9431-42EB96557565}"
EndProject
Project("{9A19103F-16F7-4668-BE54-9A1E7A4F7556}") = "Exercicio1016", "Exercicio1016\Exercicio1016.csproj", "{2CE265CF-0823-4481-9D30-E53DEF8A60C8}"
EndProject
Project("{9A19103F-16F7-4668-BE54-9A1E7A4F7556}") = "Exercicio1017", "Exercicio1017\Exercicio1017.csproj", "{0A6BAE21-6230-4F7D-9BFF-CC79CC96A006}"
EndProject
Project("{9A19103F-16F7-4668-BE54-9A1E7A4F7556}") = "Exercicio1019", "Exercicio1019\Exercicio1019.csproj", "{50008E05-CABB-40A0-A43B-51556D5DB128}"
EndProject
Project("{9A19103F-16F7-4668-BE54-9A1E7A4F7556}") = "Exercicio2018", "Exercicio2018\Exercicio2018.csproj", "{F93829F5-C017-4349-91B6-2F28F1375C31}"
EndProject
Project("{FAE04EC0-301F-11D3-BF4B-00C04F79EFBC}") = "Exercicio1020", "Exercicio1020\Exercicio1020.csproj", "{51851EEA-29A1-4ADD-944D-929970BBF863}"
EndProject
Global
	GlobalSection(SolutionConfigurationPlatforms) = preSolution
		Debug|Any CPU = Debug|Any CPU
		Release|Any CPU = Release|Any CPU
	EndGlobalSection
	GlobalSection(ProjectConfigurationPlatforms) = postSolution
		{8897B451-F13A-4F78-BAC8-6C089B013296}.Debug|Any CPU.ActiveCfg = Debug|Any CPU
		{8897B451-F13A-4F78-BAC8-6C089B013296}.Debug|Any CPU.Build.0 = Debug|Any CPU
		{8897B451-F13A-4F78-BAC8-6C089B013296}.Release|Any CPU.ActiveCfg = Release|Any CPU
		{8897B451-F13A-4F78-BAC8-6C089B013296}.Release|Any CPU.Build.0 = Release|Any CPU
		{1224977A-7D96-4022-9BE7-558945984D13}.Debug|Any CPU.ActiveCfg = Debug|Any CPU
		{1224977A-7D96-4022-9BE7-558945984D13}.Debug|Any CPU.Build.0 = Debug|Any CPU
		{1224977A-7D96-4022-9BE7-558945984D13}.Release|Any CPU.ActiveCfg = Release|Any CPU
		{1224977A-7D96-4022-9BE7-558945984D13}.Release|Any CPU.Build.0 = Release|Any CPU
		{4E264CBD-5091-4CA5-BFBE-5AC0E616491E}.Debug|Any CPU.ActiveCfg = Debug|Any CPU
		{4E264CBD-5091-4CA5-BFBE-5AC0E616491E}.Debug|Any CPU.Build.0 = Debug|Any CPU
		{4E264CBD-5091-4CA5-BFBE-5AC0E616491E}.Release|Any CPU.ActiveCfg = Release|Any CPU
		{4E264CBD-5091-4CA5-BFBE-5AC0E616491E}.Release|Any CPU.Build.0 = Release|Any CPU
		{DD8C0C69-2CA5-4CFB-A7C4-91EB80E54D8D}.Debug|Any CPU.ActiveCfg = Debug|Any CPU
		{DD8C0C69-2CA5-4CFB-A7C4-91EB80E54D8D}.Debug|Any CPU.Build.0 = Debug|Any CPU
		{DD8C0C69-2CA5-4CFB-A7C4-91EB80E54D8D}.Release|Any CPU.ActiveCfg = Release|Any CPU
		{DD8C0C69-2CA5-4CFB-A7C4-91EB80E54D8D}.Release|Any CPU.Build.0 = Release|Any CPU
		{F10AFA1F-9B85-40E8-BC4D-879D44D0D08F}.Debug|Any CPU.ActiveCfg = Debug|Any CPU
		{F10AFA1F-9B85-40E8-BC4D-879D44D0D08F}.Debug|Any CPU.Build.0 = Debug|Any CPU
		{F10AFA1F-9B85-40E8-BC4D-879D44D0D08F}.Release|Any CPU.ActiveCfg = Release|Any CPU
		{F10AFA1F-9B85-40E8-BC4D-879D44D0D08F}.Release|Any CPU.Build.0 = Release|Any CPU
		{32E89342-F84E-43BF-A220-0193336D9D3E}.Debug|Any CPU.ActiveCfg = Debug|Any CPU
		{32E89342-F84E-43BF-A220-0193336D9D3E}.Debug|Any CPU.Build.0 = Debug|Any CPU
		{32E89342-F84E-43BF-A220-0193336D9D3E}.Release|Any CPU.ActiveCfg = Release|Any CPU
		{32E89342-F84E-43BF-A220-0193336D9D3E}.Release|Any CPU.Build.0 = Release|Any CPU
		{F851C6D2-D8F4-4751-99E5-F0FA026575D9}.Debug|Any CPU.ActiveCfg = Debug|Any CPU
		{F851C6D2-D8F4-4751-99E5-F0FA026575D9}.Debug|Any CPU.Build.0 = Debug|Any CPU
		{F851C6D2-D8F4-4751-99E5-F0FA026575D9}.Release|Any CPU.ActiveCfg = Release|Any CPU
		{F851C6D2-D8F4-4751-99E5-F0FA026575D9}.Release|Any CPU.Build.0 = Release|Any CPU
		{A74FD52B-BDE5-4340-B020-F91A61E88243}.Debug|Any CPU.ActiveCfg = Debug|Any CPU
		{A74FD52B-BDE5-4340-B020-F91A61E88243}.Debug|Any CPU.Build.0 = Debug|Any CPU
		{A74FD52B-BDE5-4340-B020-F91A61E88243}.Release|Any CPU.ActiveCfg = Release|Any CPU
		{A74FD52B-BDE5-4340-B020-F91A61E88243}.Release|Any CPU.Build.0 = Release|Any CPU
		{8AE35E89-1750-4750-9959-F06718020C96}.Debug|Any CPU.ActiveCfg = Debug|Any CPU
		{8AE35E89-1750-4750-9959-F06718020C96}.Debug|Any CPU.Build.0 = Debug|Any CPU
		{8AE35E89-1750-4750-9959-F06718020C96}.Release|Any CPU.ActiveCfg = Release|Any CPU
		{8AE35E89-1750-4750-9959-F06718020C96}.Release|Any CPU.Build.0 = Release|Any CPU
		{2ABFE66E-692A-4B05-A70B-8A98E3C03B1C}.Debug|Any CPU.ActiveCfg = Debug|Any CPU
		{2ABFE66E-692A-4B05-A70B-8A98E3C03B1C}.Debug|Any CPU.Build.0 = Debug|Any CPU
		{2ABFE66E-692A-4B05-A70B-8A98E3C03B1C}.Release|Any CPU.ActiveCfg = Release|Any CPU
		{2ABFE66E-692A-4B05-A70B-8A98E3C03B1C}.Release|Any CPU.Build.0 = Release|Any CPU
		{84BEB577-1E2A-4A0E-926A-3714EC400B89}.Debug|Any CPU.ActiveCfg = Debug|Any CPU
		{84BEB577-1E2A-4A0E-926A-3714EC400B89}.Debug|Any CPU.Build.0 = Debug|Any CPU
		{84BEB577-1E2A-4A0E-926A-3714EC400B89}.Release|Any CPU.ActiveCfg = Release|Any CPU
		{84BEB577-1E2A-4A0E-926A-3714EC400B89}.Release|Any CPU.Build.0 = Release|Any CPU
		{42C77367-C732-4CF5-9661-B65EE8470DBB}.Debug|Any CPU.ActiveCfg = Debug|Any CPU
		{42C77367-C732-4CF5-9661-B65EE8470DBB}.Debug|Any CPU.Build.0 = Debug|Any CPU
		{42C77367-C732-4CF5-9661-B65EE8470DBB}.Release|Any CPU.ActiveCfg = Release|Any CPU
		{42C77367-C732-4CF5-9661-B65EE8470DBB}.Release|Any CPU.Build.0 = Release|Any CPU
		{EA8E5268-BB76-4ECC-8729-4B948E414F1C}.Debug|Any CPU.ActiveCfg = Debug|Any CPU
		{EA8E5268-BB76-4ECC-8729-4B948E414F1C}.Debug|Any CPU.Build.0 = Debug|Any CPU
		{EA8E5268-BB76-4ECC-8729-4B948E414F1C}.Release|Any CPU.ActiveCfg = Release|Any CPU
		{EA8E5268-BB76-4ECC-8729-4B948E414F1C}.Release|Any CPU.Build.0 = Release|Any CPU
		{DD5E25B5-5060-4081-9431-42EB96557565}.Debug|Any CPU.ActiveCfg = Debug|Any CPU
		{DD5E25B5-5060-4081-9431-42EB96557565}.Debug|Any CPU.Build.0 = Debug|Any CPU
		{DD5E25B5-5060-4081-9431-42EB96557565}.Release|Any CPU.ActiveCfg = Release|Any CPU
		{DD5E25B5-5060-4081-9431-42EB96557565}.Release|Any CPU.Build.0 = Release|Any CPU
		{2CE265CF-0823-4481-9D30-E53DEF8A60C8}.Debug|Any CPU.ActiveCfg = Debug|Any CPU
		{2CE265CF-0823-4481-9D30-E53DEF8A60C8}.Debug|Any CPU.Build.0 = Debug|Any CPU
		{2CE265CF-0823-4481-9D30-E53DEF8A60C8}.Release|Any CPU.ActiveCfg = Release|Any CPU
		{2CE265CF-0823-4481-9D30-E53DEF8A60C8}.Release|Any CPU.Build.0 = Release|Any CPU
		{0A6BAE21-6230-4F7D-9BFF-CC79CC96A006}.Debug|Any CPU.ActiveCfg = Debug|Any CPU
		{0A6BAE21-6230-4F7D-9BFF-CC79CC96A006}.Debug|Any CPU.Build.0 = Debug|Any CPU
		{0A6BAE21-6230-4F7D-9BFF-CC79CC96A006}.Release|Any CPU.ActiveCfg = Release|Any CPU
		{0A6BAE21-6230-4F7D-9BFF-CC79CC96A006}.Release|Any CPU.Build.0 = Release|Any CPU
		{50008E05-CABB-40A0-A43B-51556D5DB128}.Debug|Any CPU.ActiveCfg = Debug|Any CPU
		{50008E05-CABB-40A0-A43B-51556D5DB128}.Debug|Any CPU.Build.0 = Debug|Any CPU
		{50008E05-CABB-40A0-A43B-51556D5DB128}.Release|Any CPU.ActiveCfg = Release|Any CPU
		{50008E05-CABB-40A0-A43B-51556D5DB128}.Release|Any CPU.Build.0 = Release|Any CPU
		{F93829F5-C017-4349-91B6-2F28F1375C31}.Debug|Any CPU.ActiveCfg = Debug|Any CPU
		{F93829F5-C017-4349-91B6-2F28F1375C31}.Debug|Any CPU.Build.0 = Debug|Any CPU
		{F93829F5-C017-4349-91B6-2F28F1375C31}.Release|Any CPU.ActiveCfg = Release|Any CPU
		{F93829F5-C017-4349-91B6-2F28F1375C31}.Release|Any CPU.Build.0 = Release|Any CPU
		{51851EEA-29A1-4ADD-944D-929970BBF863}.Debug|Any CPU.ActiveCfg = Debug|Any CPU
		{51851EEA-29A1-4ADD-944D-929970BBF863}.Debug|Any CPU.Build.0 = Debug|Any CPU
		{51851EEA-29A1-4ADD-944D-929970BBF863}.Release|Any CPU.ActiveCfg = Release|Any CPU
		{51851EEA-29A1-4ADD-944D-929970BBF863}.Release|Any CPU.Build.0 = Release|Any CPU
	EndGlobalSection
	GlobalSection(SolutionProperties) = preSolution
		HideSolutionNode = FALSE
	EndGlobalSection
	GlobalSection(ExtensibilityGlobals) = postSolution
		SolutionGuid = {96958976-8BD6-45D7-96AC-B0821E5028F0}
	EndGlobalSection
EndGlobal
